
Microsoft Visual Studio Solution File, Format Version 12.00
# Visual Studio Version 17
VisualStudioVersion = 17.3.32901.215
MinimumVisualStudioVersion = 10.0.40219.1
Project("{8BC9CEB8-8B4A-11D0-8D11-00A0C91BC942}") = "Tangram", "Tangram\Tangram.vcxproj", "{BB32E690-87B8-41CE-BBDF-4FA47E3F058A}"
EndProject
Global
	GlobalSection(SolutionConfigurationPlatforms) = preSolution
		Debug|x64 = Debug|x64
		Debug|x86 = Debug|x86
		Release|x64 = Release|x64
		Release|x86 = Release|x86
	EndGlobalSection
	GlobalSection(ProjectConfigurationPlatforms) = postSolution
		{BB32E690-87B8-41CE-BBDF-4FA47E3F058A}.Debug|x64.ActiveCfg = Debug|x64
		{BB32E690-87B8-41CE-BBDF-4FA47E3F058A}.Debug|x64.Build.0 = Debug|x64
		{BB32E690-87B8-41CE-BBDF-4FA47E3F058A}.Debug|x86.ActiveCfg = Debug|Win32
		{BB32E690-87B8-41CE-BBDF-4FA47E3F058A}.Debug|x86.Build.0 = Debug|Win32
		{BB32E690-87B8-41CE-BBDF-4FA47E3F058A}.Release|x64.ActiveCfg = Release|x64
		{BB32E690-87B8-41CE-BBDF-4FA47E3F058A}.Release|x64.Build.0 = Release|x64
		{BB32E690-87B8-41CE-BBDF-4FA47E3F058A}.Release|x86.ActiveCfg = Release|Win32
		{BB32E690-87B8-41CE-BBDF-4FA47E3F058A}.Release|x86.Build.0 = Release|Win32
	EndGlobalSection
	GlobalSection(SolutionProperties) = preSolution
		HideSolutionNode = FALSE
	EndGlobalSection
	GlobalSection(ExtensibilityGlobals) = postSolution
		SolutionGuid = {073AC063-85CB-461A-AD07-9DE8390F6956}
	EndGlobalSection
EndGlobal
